
Microsoft Visual Studio Solution File, Format Version 12.00
# Visual Studio Version 17
VisualStudioVersion = 17.4.33213.308
MinimumVisualStudioVersion = 10.0.40219.1
Project("{FAE04EC0-301F-11D3-BF4B-00C04F79EFBC}") = "QLNSFAHASA", "QLNSFAHASA\QLNSFAHASA.csproj", "{06C0CE08-7C86-4483-98B8-5B355FA50748}"
EndProject
Global
	GlobalSection(SolutionConfigurationPlatforms) = preSolution
		Debug|Any CPU = Debug|Any CPU
		Release|Any CPU = Release|Any CPU
	EndGlobalSection
	GlobalSection(ProjectConfigurationPlatforms) = postSolution
		{06C0CE08-7C86-4483-98B8-5B355FA50748}.Debug|Any CPU.ActiveCfg = Debug|Any CPU
		{06C0CE08-7C86-4483-98B8-5B355FA50748}.Debug|Any CPU.Build.0 = Debug|Any CPU
		{06C0CE08-7C86-4483-98B8-5B355FA50748}.Release|Any CPU.ActiveCfg = Release|Any CPU
		{06C0CE08-7C86-4483-98B8-5B355FA50748}.Release|Any CPU.Build.0 = Release|Any CPU
	EndGlobalSection
	GlobalSection(SolutionProperties) = preSolution
		HideSolutionNode = FALSE
	EndGlobalSection
	GlobalSection(ExtensibilityGlobals) = postSolution
		SolutionGuid = {2687EA3D-F9F5-4405-BF9E-F4F74DA176CD}
	EndGlobalSection
EndGlobal
